
Microsoft Visual Studio Solution File, Format Version 12.00
# Visual Studio Version 16
VisualStudioVersion = 16.0.30711.63
MinimumVisualStudioVersion = 10.0.40219.1
Project("{9A19103F-16F7-4668-BE54-9A1E7A4F7556}") = "Artemis.Plugins.Games.TrackMania", "Artemis.Plugins.Games.TrackMania\Artemis.Plugins.Games.TrackMania.csproj", "{463E1D7B-EDC7-4549-A3C7-EC6C6A09097C}"
EndProject
Project("{2150E333-8FDC-42A3-9474-1A3956D46DE8}") = "Artemis.Plugins.Games.GTAV", "Artemis.Plugins.Games.GTAV", "{5EF4659F-8EEF-4E4F-8B67-EEA844F66B2B}"
EndProject
Project("{9A19103F-16F7-4668-BE54-9A1E7A4F7556}") = "Artemis.Plugins.Games.GTAV.Module", "Artemis.Plugins.Games.GTAV\Artemis.Plugins.Games.GTAV.Module\Artemis.Plugins.Games.GTAV.Module.csproj", "{8A63A306-6A11-45AF-A144-46678C5370C0}"
EndProject
Project("{FAE04EC0-301F-11D3-BF4B-00C04F79EFBC}") = "Artemis.Plugins.Games.GTAV.GSI", "Artemis.Plugins.Games.GTAV\Artemis.Plugins.Games.GTAV.GSI\Artemis.Plugins.Games.GTAV.GSI.csproj", "{B21BE8EC-A508-42D5-9DDE-63CB73BE56B7}"
EndProject
Project("{9A19103F-16F7-4668-BE54-9A1E7A4F7556}") = "Artemis.Plugins.Games.GTAV.Model", "Artemis.Plugins.Games.GTAV\Artemis.Plugins.Games.GTAV.Model\Artemis.Plugins.Games.GTAV.Model.csproj", "{C3567E74-1E16-47AD-9E15-CC25391DD3D1}"
EndProject
Project("{9A19103F-16F7-4668-BE54-9A1E7A4F7556}") = "Artemis.Plugins.Games.TruckSimulator", "Artemis.Plugins.Games.TruckSimulator\Artemis.Plugins.Games.TruckSimulator.csproj", "{9B45E482-25C7-481F-96CC-ADAC1EA6B897}"
EndProject
Project("{9A19103F-16F7-4668-BE54-9A1E7A4F7556}") = "Artemis.Plugins.Games.EliteDangerous", "Artemis.Plugins.Games.EliteDangerous\Artemis.Plugins.Games.EliteDangerous.csproj", "{424694FB-DE0B-463D-B59B-A997F16939AA}"
EndProject
Project("{9A19103F-16F7-4668-BE54-9A1E7A4F7556}") = "Artemis.Plugins.Games.Valheim.GSI", "Artemis.Plugins.Games.Valheim\Artemis.Plugins.Games.Valheim.GSI\Artemis.Plugins.Games.Valheim.GSI.csproj", "{F60ED9AC-7EE7-4074-BAC6-6D1ABE3EDA4B}"
EndProject
Project("{9A19103F-16F7-4668-BE54-9A1E7A4F7556}") = "Artemis.Plugins.Games.Valheim.Module", "Artemis.Plugins.Games.Valheim\Artemis.Plugins.Games.Valheim.Module\Artemis.Plugins.Games.Valheim.Module.csproj", "{1F65207D-0861-4BC1-BE29-16893BD2610F}"
EndProject
Project("{2150E333-8FDC-42A3-9474-1A3956D46DE8}") = "Artemis.Plugins.Games.Valheim", "Artemis.Plugins.Games.Valheim", "{5EB44938-DE19-4F1C-AF63-A236815EB7E2}"
EndProject
Project("{9A19103F-16F7-4668-BE54-9A1E7A4F7556}") = "Artemis.Plugins.Games.LeagueOfLegends.Module", "Artemis.Plugins.Games.LeagueOfLegends\Artemis.Plugins.Games.LeagueOfLegends.Module\Artemis.Plugins.Games.LeagueOfLegends.Module.csproj", "{A2038F27-F3F4-49CC-9041-3D48731B2B47}"
EndProject
Project("{2150E333-8FDC-42A3-9474-1A3956D46DE8}") = "Artemis.Plugins.Games.RocketLeague", "Artemis.Plugins.Games.RocketLeague", "{4DD0A4D7-7977-419D-AD11-A852D037D764}"
EndProject
Project("{9A19103F-16F7-4668-BE54-9A1E7A4F7556}") = "Artemis.Plugins.Games.RocketLeague.Module", "Artemis.Plugins.Games.RocketLeague\Artemis.Plugins.Games.RocketLeague.Module\Artemis.Plugins.Games.RocketLeague.Module.csproj", "{62D0A8F5-795B-4EFC-B186-DFFE5DCA770C}"
EndProject
Project("{8BC9CEB8-8B4A-11D0-8D11-00A0C91BC942}") = "Artemis.Plugins.Games.RocketLeague.GSI", "Artemis.Plugins.Games.RocketLeague\Artemis.Plugins.Games.RocketLeague.GSI\ArtemisGSI.vcxproj", "{1A01DE00-ECA4-4476-B380-E2DEEFBD6ACA}"
EndProject
Project("{2150E333-8FDC-42A3-9474-1A3956D46DE8}") = "Artemis.Plugins.Games.LeagueOfLegends", "Artemis.Plugins.Games.LeagueOfLegends", "{45532261-3F70-4BBD-8313-35C454A4CB5A}"
EndProject
Project("{FAE04EC0-301F-11D3-BF4B-00C04F79EFBC}") = "Artemis.Plugins.Games.LeagueOfLegends.Generators", "Artemis.Plugins.Games.LeagueOfLegends\Artemis.Plugins.Games.LeagueOfLegends.Generators\Artemis.Plugins.Games.LeagueOfLegends.Generators.csproj", "{E18E9C84-3B6C-4EBE-9DC9-9318453F344F}"
EndProject
Global
	GlobalSection(SolutionConfigurationPlatforms) = preSolution
		Debug|Any CPU = Debug|Any CPU
		Debug|x64 = Debug|x64
		Release|Any CPU = Release|Any CPU
		Release|x64 = Release|x64
	EndGlobalSection
	GlobalSection(ProjectConfigurationPlatforms) = postSolution
		{463E1D7B-EDC7-4549-A3C7-EC6C6A09097C}.Debug|Any CPU.ActiveCfg = Debug|x64
		{463E1D7B-EDC7-4549-A3C7-EC6C6A09097C}.Debug|x64.ActiveCfg = Debug|x64
		{463E1D7B-EDC7-4549-A3C7-EC6C6A09097C}.Debug|x64.Build.0 = Debug|x64
		{463E1D7B-EDC7-4549-A3C7-EC6C6A09097C}.Release|Any CPU.ActiveCfg = Release|x64
		{463E1D7B-EDC7-4549-A3C7-EC6C6A09097C}.Release|x64.ActiveCfg = Release|x64
		{463E1D7B-EDC7-4549-A3C7-EC6C6A09097C}.Release|x64.Build.0 = Release|x64
		{8A63A306-6A11-45AF-A144-46678C5370C0}.Debug|Any CPU.ActiveCfg = Debug|x64
		{8A63A306-6A11-45AF-A144-46678C5370C0}.Debug|x64.ActiveCfg = Debug|x64
		{8A63A306-6A11-45AF-A144-46678C5370C0}.Debug|x64.Build.0 = Debug|x64
		{8A63A306-6A11-45AF-A144-46678C5370C0}.Release|Any CPU.ActiveCfg = Release|x64
		{8A63A306-6A11-45AF-A144-46678C5370C0}.Release|x64.ActiveCfg = Release|x64
		{8A63A306-6A11-45AF-A144-46678C5370C0}.Release|x64.Build.0 = Release|x64
		{B21BE8EC-A508-42D5-9DDE-63CB73BE56B7}.Debug|Any CPU.ActiveCfg = Debug|x64
		{B21BE8EC-A508-42D5-9DDE-63CB73BE56B7}.Debug|x64.ActiveCfg = Debug|x64
		{B21BE8EC-A508-42D5-9DDE-63CB73BE56B7}.Debug|x64.Build.0 = Debug|x64
		{B21BE8EC-A508-42D5-9DDE-63CB73BE56B7}.Release|Any CPU.ActiveCfg = Release|x64
		{B21BE8EC-A508-42D5-9DDE-63CB73BE56B7}.Release|x64.ActiveCfg = Release|x64
		{C3567E74-1E16-47AD-9E15-CC25391DD3D1}.Debug|Any CPU.ActiveCfg = Debug|Any CPU
		{C3567E74-1E16-47AD-9E15-CC25391DD3D1}.Debug|Any CPU.Build.0 = Debug|Any CPU
		{C3567E74-1E16-47AD-9E15-CC25391DD3D1}.Debug|x64.ActiveCfg = Debug|Any CPU
		{C3567E74-1E16-47AD-9E15-CC25391DD3D1}.Debug|x64.Build.0 = Debug|Any CPU
		{C3567E74-1E16-47AD-9E15-CC25391DD3D1}.Release|Any CPU.ActiveCfg = Release|Any CPU
		{C3567E74-1E16-47AD-9E15-CC25391DD3D1}.Release|Any CPU.Build.0 = Release|Any CPU
		{C3567E74-1E16-47AD-9E15-CC25391DD3D1}.Release|x64.ActiveCfg = Release|Any CPU
		{C3567E74-1E16-47AD-9E15-CC25391DD3D1}.Release|x64.Build.0 = Release|Any CPU
		{9B45E482-25C7-481F-96CC-ADAC1EA6B897}.Debug|Any CPU.ActiveCfg = Debug|x64
		{9B45E482-25C7-481F-96CC-ADAC1EA6B897}.Debug|x64.ActiveCfg = Debug|x64
		{9B45E482-25C7-481F-96CC-ADAC1EA6B897}.Debug|x64.Build.0 = Debug|x64
		{9B45E482-25C7-481F-96CC-ADAC1EA6B897}.Release|Any CPU.ActiveCfg = Release|x64
		{9B45E482-25C7-481F-96CC-ADAC1EA6B897}.Release|x64.ActiveCfg = Release|x64
		{9B45E482-25C7-481F-96CC-ADAC1EA6B897}.Release|x64.Build.0 = Release|x64
		{424694FB-DE0B-463D-B59B-A997F16939AA}.Debug|Any CPU.ActiveCfg = Debug|x64
		{424694FB-DE0B-463D-B59B-A997F16939AA}.Debug|x64.ActiveCfg = Debug|x64
		{424694FB-DE0B-463D-B59B-A997F16939AA}.Debug|x64.Build.0 = Debug|x64
		{424694FB-DE0B-463D-B59B-A997F16939AA}.Release|Any CPU.ActiveCfg = Release|x64
		{424694FB-DE0B-463D-B59B-A997F16939AA}.Release|x64.ActiveCfg = Release|x64
		{424694FB-DE0B-463D-B59B-A997F16939AA}.Release|x64.Build.0 = Release|x64
		{F60ED9AC-7EE7-4074-BAC6-6D1ABE3EDA4B}.Debug|Any CPU.ActiveCfg = Debug|x64
		{F60ED9AC-7EE7-4074-BAC6-6D1ABE3EDA4B}.Debug|x64.ActiveCfg = Debug|x64
		{F60ED9AC-7EE7-4074-BAC6-6D1ABE3EDA4B}.Debug|x64.Build.0 = Debug|x64
		{F60ED9AC-7EE7-4074-BAC6-6D1ABE3EDA4B}.Release|Any CPU.ActiveCfg = Release|x64
		{F60ED9AC-7EE7-4074-BAC6-6D1ABE3EDA4B}.Release|x64.ActiveCfg = Release|x64
		{F60ED9AC-7EE7-4074-BAC6-6D1ABE3EDA4B}.Release|x64.Build.0 = Release|x64
		{1F65207D-0861-4BC1-BE29-16893BD2610F}.Debug|Any CPU.ActiveCfg = Debug|x64
		{1F65207D-0861-4BC1-BE29-16893BD2610F}.Debug|x64.ActiveCfg = Debug|x64
		{1F65207D-0861-4BC1-BE29-16893BD2610F}.Debug|x64.Build.0 = Debug|x64
		{1F65207D-0861-4BC1-BE29-16893BD2610F}.Release|Any CPU.ActiveCfg = Release|x64
		{1F65207D-0861-4BC1-BE29-16893BD2610F}.Release|x64.ActiveCfg = Release|x64
		{1F65207D-0861-4BC1-BE29-16893BD2610F}.Release|x64.Build.0 = Release|x64
		{A2038F27-F3F4-49CC-9041-3D48731B2B47}.Debug|Any CPU.ActiveCfg = Debug|x64
		{A2038F27-F3F4-49CC-9041-3D48731B2B47}.Debug|x64.ActiveCfg = Debug|x64
		{A2038F27-F3F4-49CC-9041-3D48731B2B47}.Debug|x64.Build.0 = Debug|x64
		{A2038F27-F3F4-49CC-9041-3D48731B2B47}.Release|Any CPU.ActiveCfg = Release|x64
		{A2038F27-F3F4-49CC-9041-3D48731B2B47}.Release|x64.ActiveCfg = Release|x64
		{A2038F27-F3F4-49CC-9041-3D48731B2B47}.Release|x64.Build.0 = Release|x64
		{62D0A8F5-795B-4EFC-B186-DFFE5DCA770C}.Debug|Any CPU.ActiveCfg = Debug|x64
		{62D0A8F5-795B-4EFC-B186-DFFE5DCA770C}.Debug|x64.ActiveCfg = Debug|x64
		{62D0A8F5-795B-4EFC-B186-DFFE5DCA770C}.Debug|x64.Build.0 = Debug|x64
		{62D0A8F5-795B-4EFC-B186-DFFE5DCA770C}.Release|Any CPU.ActiveCfg = Release|x64
		{62D0A8F5-795B-4EFC-B186-DFFE5DCA770C}.Release|x64.ActiveCfg = Release|x64
		{62D0A8F5-795B-4EFC-B186-DFFE5DCA770C}.Release|x64.Build.0 = Release|x64
		{1A01DE00-ECA4-4476-B380-E2DEEFBD6ACA}.Debug|Any CPU.ActiveCfg = Release|x64
		{1A01DE00-ECA4-4476-B380-E2DEEFBD6ACA}.Debug|Any CPU.Build.0 = Release|x64
		{1A01DE00-ECA4-4476-B380-E2DEEFBD6ACA}.Debug|x64.ActiveCfg = Release|x64
		{1A01DE00-ECA4-4476-B380-E2DEEFBD6ACA}.Debug|x64.Build.0 = Release|x64
		{1A01DE00-ECA4-4476-B380-E2DEEFBD6ACA}.Release|Any CPU.ActiveCfg = Release|x64
		{1A01DE00-ECA4-4476-B380-E2DEEFBD6ACA}.Release|x64.ActiveCfg = Release|x64
		{1A01DE00-ECA4-4476-B380-E2DEEFBD6ACA}.Release|x64.Build.0 = Release|x64
		{E18E9C84-3B6C-4EBE-9DC9-9318453F344F}.Debug|Any CPU.ActiveCfg = Debug|Any CPU
		{E18E9C84-3B6C-4EBE-9DC9-9318453F344F}.Debug|Any CPU.Build.0 = Debug|Any CPU
		{E18E9C84-3B6C-4EBE-9DC9-9318453F344F}.Debug|x64.ActiveCfg = Debug|Any CPU
		{E18E9C84-3B6C-4EBE-9DC9-9318453F344F}.Debug|x64.Build.0 = Debug|Any CPU
		{E18E9C84-3B6C-4EBE-9DC9-9318453F344F}.Release|Any CPU.ActiveCfg = Release|Any CPU
		{E18E9C84-3B6C-4EBE-9DC9-9318453F344F}.Release|Any CPU.Build.0 = Release|Any CPU
		{E18E9C84-3B6C-4EBE-9DC9-9318453F344F}.Release|x64.ActiveCfg = Release|Any CPU
		{E18E9C84-3B6C-4EBE-9DC9-9318453F344F}.Release|x64.Build.0 = Release|Any CPU
	EndGlobalSection
	GlobalSection(SolutionProperties) = preSolution
		HideSolutionNode = FALSE
	EndGlobalSection
	GlobalSection(NestedProjects) = preSolution
		{8A63A306-6A11-45AF-A144-46678C5370C0} = {5EF4659F-8EEF-4E4F-8B67-EEA844F66B2B}
		{B21BE8EC-A508-42D5-9DDE-63CB73BE56B7} = {5EF4659F-8EEF-4E4F-8B67-EEA844F66B2B}
		{C3567E74-1E16-47AD-9E15-CC25391DD3D1} = {5EF4659F-8EEF-4E4F-8B67-EEA844F66B2B}
		{F60ED9AC-7EE7-4074-BAC6-6D1ABE3EDA4B} = {5EB44938-DE19-4F1C-AF63-A236815EB7E2}
		{1F65207D-0861-4BC1-BE29-16893BD2610F} = {5EB44938-DE19-4F1C-AF63-A236815EB7E2}
		{A2038F27-F3F4-49CC-9041-3D48731B2B47} = {45532261-3F70-4BBD-8313-35C454A4CB5A}
		{62D0A8F5-795B-4EFC-B186-DFFE5DCA770C} = {4DD0A4D7-7977-419D-AD11-A852D037D764}
		{1A01DE00-ECA4-4476-B380-E2DEEFBD6ACA} = {4DD0A4D7-7977-419D-AD11-A852D037D764}
		{E18E9C84-3B6C-4EBE-9DC9-9318453F344F} = {45532261-3F70-4BBD-8313-35C454A4CB5A}
	EndGlobalSection
	GlobalSection(ExtensibilityGlobals) = postSolution
		SolutionGuid = {D7098FD1-41F0-40AE-BDBC-B028EE85ADCC}
	EndGlobalSection
EndGlobal
